{
  "name": "seed",
  "version": "1.0.0",
  "lockfileVersion": 3,
  "requires": true,
  "packages": {
    "": {
      "name": "seed",
      "version": "1.0.0",
      "license": "ISC",
      "devDependencies": {
        "@faker-js/faker": "^8.4.1",
        "faker": "^6.6.6"
      }
    },
    "../node_modules/.pnpm/faker@6.6.6/node_modules/faker": {
      "version": "6.6.6",
      "dev": true,
      "license": "MIT",
      "devDependencies": {
        "browserify": "^16.5.2",
        "coveralls": "^3.1.0",
        "eslint": "^6.5.1",
        "gulp": "^4.0.2",
        "gulp-gh-pages": "^0.5.4",
        "gulp-jsdoc3": "^3.0.0",
        "gulp-mustache": "^5.0.0",
        "gulp-rename": "^2.0.0",
        "gulp-uglify": "^3.0.2",
        "ink-docstrap": "1.1.4",
        "jsdoc": "^3.4.0",
        "lint-staged": "^9.4.2",
        "lodash": "^4.6.1",
        "mocha": "^8.1.1",
        "node-minify": "*",
        "nyc": "^15.1.0",
        "optimist": "0.3.5",
        "sinon": "^9.0.3",
        "through2": "2.0.0",
        "vinyl-buffer": "^1.0.1",
        "vinyl-source-stream": "^2.0.0",
        "vinyl-transform": "^1.0.0"
      }
    },
    "node_modules/@faker-js/faker": {
      "version": "8.4.1",
      "resolved": "https://registry.npmjs.org/@faker-js/faker/-/faker-8.4.1.tgz",
      "integrity": "sha512-XQ3cU+Q8Uqmrbf2e0cIC/QN43sTBSC8KF12u29Mb47tWrt2hAgBXSgpZMj4Ao8Uk0iJcU99QsOCaIL8934obCg==",
      "dev": true,
      "funding": [
        {
          "type": "opencollective",
          "url": "https://opencollective.com/fakerjs"
        }
      ],
      "engines": {
        "node": "^14.17.0 || ^16.13.0 || >=18.0.0",
        "npm": ">=6.14.13"
      }
    },
    "node_modules/faker": {
      "resolved": "../node_modules/.pnpm/faker@6.6.6/node_modules/faker",
      "link": true
    }
  }
}
